<?xml version="1.0" encoding="utf-8"?>
<Project ToolsVersion="4.0" xmlns="http://schemas.microsoft.com/developer/msbuild/2003">
  <ItemGroup>
    <Filter Include="Source Files">
      <UniqueIdentifier>{4FC737F1-C7A5-4376-A066-2A32D752A2FF}</UniqueIdentifier>
      <Extensions>cpp;c;cc;cxx;c++;cppm;ixx;def;odl;idl;hpj;bat;asm;asmx</Extensions>
    </Filter>
    <Filter Include="Header Files">
      <UniqueIdentifier>{93995380-89BD-4b04-88EB-625FBE52EBFB}</UniqueIdentifier>
      <Extensions>h;hh;hpp;hxx;h++;hm;inl;inc;ipp;xsd</Extensions>
    </Filter>
    <Filter Include="Resource Files">
      <UniqueIdentifier>{67DA6AB6-F800-4c08-8B7A-83BB121AAD01}</UniqueIdentifier>
      <Extensions>rc;ico;cur;bmp;dlg;rc2;rct;bin;rgs;gif;jpg;jpeg;jpe;resx;tiff;tif;png;wav;mfcribbon-ms</Extensions>
    </Filter>
    <Filter Include="Header Files\Render">
      <UniqueIdentifier>{e302f1f2-8f49-487d-ad65-3ed5ced2c616}</UniqueIdentifier>
    </Filter>
    <Filter Include="Source Files\Render">
      <UniqueIdentifier>{88e44b3a-3183-4441-abbb-17145a4ebbbf}</UniqueIdentifier>
    </Filter>
    <Filter Include="Header Files\Structures">
      <UniqueIdentifier>{f696ea03-5eb4-4f0b-9f2e-9d7424178bf0}</UniqueIdentifier>
    </Filter>
    <Filter Include="Source Files\Structures">
      <UniqueIdentifier>{ab35800d-be18-40ad-9e3a-067e8d0579e4}</UniqueIdentifier>
    </Filter>
  </ItemGroup>
  <ItemGroup>
    <ClCompile Include="Source.cpp">
      <Filter>Source Files</Filter>
    </ClCompile>
    <ClCompile Include="..\..\..\OneDrive\Documents\opengl\glad.c">
      <Filter>Source Files</Filter>
    </ClCompile>
    <ClCompile Include="game\Camera.cpp">
      <Filter>Source Files</Filter>
    </ClCompile>
    <ClCompile Include="game\Keyboard.cpp">
      <Filter>Source Files</Filter>
    </ClCompile>
    <ClCompile Include="game\Game.cpp">
      <Filter>Source Files</Filter>
    </ClCompile>
    <ClCompile Include="game\Shader.cpp">
      <Filter>Source Files</Filter>
    </ClCompile>
    <ClCompile Include="game\App.cpp">
      <Filter>Source Files</Filter>
    </ClCompile>
    <ClCompile Include="game\Player.cpp">
      <Filter>Source Files</Filter>
    </ClCompile>
    <ClCompile Include="world\World.cpp">
      <Filter>Source Files</Filter>
    </ClCompile>
    <ClCompile Include="game\Mouse.cpp">
      <Filter>Source Files</Filter>
    </ClCompile>
    <ClCompile Include="game\Texture.cpp">
      <Filter>Source Files</Filter>
    </ClCompile>
    <ClCompile Include="stb.cpp">
      <Filter>Source Files</Filter>
    </ClCompile>
    <ClCompile Include="world\Chunk.cpp">
      <Filter>Source Files</Filter>
    </ClCompile>
    <ClCompile Include="game\Block.cpp">
      <Filter>Source Files</Filter>
    </ClCompile>
    <ClCompile Include="render\Vertex.cpp">
      <Filter>Source Files\Render</Filter>
    </ClCompile>
    <ClCompile Include="world\ChunkMesh.cpp">
      <Filter>Source Files\Render</Filter>
    </ClCompile>
    <ClCompile Include="game\BlockMesh.cpp">
      <Filter>Source Files</Filter>
    </ClCompile>
    <ClCompile Include="game\BlockProperties.cpp">
      <Filter>Source Files</Filter>
    </ClCompile>
    <ClCompile Include="game\BlockPropertyHandler.cpp">
      <Filter>Source Files</Filter>
    </ClCompile>
    <ClCompile Include="render\Raycast.cpp">
      <Filter>Source Files\Render</Filter>
    </ClCompile>
    <ClCompile Include="game\AssetManager.cpp">
      <Filter>Source Files</Filter>
    </ClCompile>
    <ClCompile Include="world\Skybox.cpp">
      <Filter>Source Files</Filter>
    </ClCompile>
    <ClCompile Include="game\VertexArray.cpp">
      <Filter>Source Files</Filter>
    </ClCompile>
    <ClCompile Include="world\Structure.cpp">
      <Filter>Source Files\Structures</Filter>
    </ClCompile>
    <ClCompile Include="world\Tree.cpp">
      <Filter>Source Files\Structures</Filter>
    </ClCompile>
  </ItemGroup>
  <ItemGroup>
    <ClInclude Include="game\Keyboard.h">
      <Filter>Header Files</Filter>
    </ClInclude>
    <ClInclude Include="game\Game.h">
      <Filter>Header Files</Filter>
    </ClInclude>
    <ClInclude Include="game\Player.h">
      <Filter>Header Files</Filter>
    </ClInclude>
    <ClInclude Include="game\Block.h">
      <Filter>Header Files</Filter>
    </ClInclude>
    <ClInclude Include="world\World.h">
      <Filter>Header Files</Filter>
    </ClInclude>
    <ClInclude Include="game\Camera.h">
      <Filter>Header Files</Filter>
    </ClInclude>
    <ClInclude Include="game\Shader.h">
      <Filter>Header Files</Filter>
    </ClInclude>
    <ClInclude Include="game\Mouse.h">
      <Filter>Header Files</Filter>
    </ClInclude>
    <ClInclude Include="game\Texture.h">
      <Filter>Header Files</Filter>
    </ClInclude>
    <ClInclude Include="..\minecraftClone2019\minecraftClone2019\stb_image.h">
      <Filter>Header Files</Filter>
    </ClInclude>
    <ClInclude Include="game\GameHeaders.h">
      <Filter>Header Files</Filter>
    </ClInclude>
    <ClInclude Include="world\Chunk.h">
      <Filter>Header Files</Filter>
    </ClInclude>
    <ClInclude Include="game\FastNoiseLite.h">
      <Filter>Header Files</Filter>
    </ClInclude>
    <ClInclude Include="game\App.h">
      <Filter>Header Files</Filter>
    </ClInclude>
    <ClInclude Include="render\Vertex.h">
      <Filter>Header Files\Render</Filter>
    </ClInclude>
    <ClInclude Include="game\BlockMesh.h">
      <Filter>Header Files</Filter>
    </ClInclude>
    <ClInclude Include="game\BlockProperty.h">
      <Filter>Header Files</Filter>
    </ClInclude>
    <ClInclude Include="game\BlockPropertyHandler.h">
      <Filter>Header Files</Filter>
    </ClInclude>
    <ClInclude Include="render\Raycast.h">
      <Filter>Header Files\Render</Filter>
    </ClInclude>
    <ClInclude Include="game\AssetManager.h">
      <Filter>Header Files</Filter>
    </ClInclude>
    <ClInclude Include="render\Frustum.h">
      <Filter>Header Files\Render</Filter>
    </ClInclude>
    <ClInclude Include="world\Skybox.h">
      <Filter>Header Files</Filter>
    </ClInclude>
    <ClInclude Include="world\Structure.h">
      <Filter>Header Files\Structures</Filter>
    </ClInclude>
    <ClInclude Include="world\Tree.h">
      <Filter>Header Files\Structures</Filter>
    </ClInclude>
    <ClInclude Include="game\VertexArray.h">
      <Filter>Header Files</Filter>
    </ClInclude>
  </ItemGroup>
  <ItemGroup>
    <None Include="shaders\fragShader.glsl" />
    <None Include="shaders\vertShader.glsl" />
    <None Include="shaders\outlineVertShader.glsl" />
    <None Include="shaders\outlineFragShader.glsl" />
    <None Include="shaders\transparentVert.glsl" />
    <None Include="shaders\transparentFrag.glsl" />
    <None Include="shaders\skyboxFrag.glsl" />
    <None Include="shaders\skyboxVert.glsl" />
  </ItemGroup>
  <ItemGroup>
    <Image Include="..\..\..\Downloads\texture-atlas.png">
      <Filter>Resource Files</Filter>
    </Image>
    <Image Include="..\..\..\OneDrive\Documents\Lightshot\sky.png">
      <Filter>Resource Files</Filter>
    </Image>
  </ItemGroup>
</Project>